
Microsoft Visual Studio Solution File, Format Version 12.00
# Visual Studio Version 17
VisualStudioVersion = 17.14.36429.23
MinimumVisualStudioVersion = 10.0.40219.1
Project("{2150E333-8FDC-42A3-9474-1A3956D46DE8}") = "Task0", "Task0", "{02EA681E-C7D8-13C7-8484-4AC65E1B71E8}"
EndProject
Project("{FAE04EC0-301F-11D3-BF4B-00C04F79EFBC}") = "Tyuiu.VariiMN.Sprint4.Task0.V23", "Tyuiu.VariiMN.Sprint4.Task0.V23\Tyuiu.VariiMN.Sprint4.Task0.V23.csproj", "{D6EC51C2-4FE0-453A-9763-4282A6B8D9D4}"
EndProject
Project("{FAE04EC0-301F-11D3-BF4B-00C04F79EFBC}") = "Tyuiu.VariiMN.Sprint4.Task0.V23.Lib", "Tyuiu.VariiMN.Sprint4.Task0.V23.Lib\Tyuiu.VariiMN.Sprint4.Task0.V23.Lib.csproj", "{15EAB3B0-213C-4539-89B3-D0429047F73E}"
EndProject
Project("{FAE04EC0-301F-11D3-BF4B-00C04F79EFBC}") = "Tyuiu.VariiMN.Sprint4.Task0.V23.Test", "Tyuiu.VariiMN.Sprint4.Task0.V23.Test\Tyuiu.VariiMN.Sprint4.Task0.V23.Test.csproj", "{F08826C6-747A-4CFF-A93C-C9F8181B4A33}"
EndProject
Project("{2150E333-8FDC-42A3-9474-1A3956D46DE8}") = "Task1", "Task1", "{D2133940-5B7E-4A81-9243-79F36FAD4EEA}"
EndProject
Project("{FAE04EC0-301F-11D3-BF4B-00C04F79EFBC}") = "Tyuiu.VariiMN.Sprint4.Task1.V23", "Tyuiu.VariiMN.Sprint4.Task1.V23\Tyuiu.VariiMN.Sprint4.Task1.V23.csproj", "{17CD07C1-BA1E-4390-83A8-FE335762EB88}"
EndProject
Project("{FAE04EC0-301F-11D3-BF4B-00C04F79EFBC}") = "Tyuiu.VariiMN.Sprint4.Task1.V23.Test", "Tyuiu.VariiMN.Sprint4.Task1.V23.Test\Tyuiu.VariiMN.Sprint4.Task1.V23.Test.csproj", "{4BF5396E-072B-4230-9AEF-65297CD2240D}"
EndProject
Project("{FAE04EC0-301F-11D3-BF4B-00C04F79EFBC}") = "Tyuiu.VariiMN.Sprint4.Task1.V23.Lib", "Tyuiu.VariiMN.Sprint4.Task1.V23.Lib\Tyuiu.VariiMN.Sprint4.Task1.V23.Lib.csproj", "{19CDD34B-DD1F-4AC7-992E-DEC335E8E103}"
EndProject
Project("{2150E333-8FDC-42A3-9474-1A3956D46DE8}") = "Task2", "Task2", "{2DCF39D5-23CB-47FE-A160-2700601D288E}"
EndProject
Project("{FAE04EC0-301F-11D3-BF4B-00C04F79EFBC}") = "Tyuiu.VariiMN.Sprint4.Task2.V22", "Tyuiu.VariiMN.Sprint4.Task2.V22\Tyuiu.VariiMN.Sprint4.Task2.V22.csproj", "{2E3E7D5F-D6C9-4D59-9847-0CA1C6641B05}"
EndProject
Project("{FAE04EC0-301F-11D3-BF4B-00C04F79EFBC}") = "Tyuiu.VariiMN.Sprint4.Task2.V22.Lib", "Tyuiu.VariiMN.Sprint4.Task2.V22.Lib\Tyuiu.VariiMN.Sprint4.Task2.V22.Lib.csproj", "{8F6DF713-DCAD-4215-81B1-80FAB8B36EC0}"
EndProject
Project("{FAE04EC0-301F-11D3-BF4B-00C04F79EFBC}") = "Tyuiu.VariiMN.Sprint4.Task2.V22.Test", "Tyuiu.VariiMN.Sprint4.Task2.V22.Test\Tyuiu.VariiMN.Sprint4.Task2.V22.Test.csproj", "{AE767B61-98E9-42E3-A8C4-63909BF0298C}"
EndProject
Project("{2150E333-8FDC-42A3-9474-1A3956D46DE8}") = "Task3", "Task3", "{3FBB02AF-6A59-4242-BA80-EC838CBA3B48}"
EndProject
Project("{FAE04EC0-301F-11D3-BF4B-00C04F79EFBC}") = "Tyuiu.VariiMN.Sprint4.Task3.V24", "Tyuiu.VariiMN.Sprint4.Task3.V24\Tyuiu.VariiMN.Sprint4.Task3.V24.csproj", "{32FE95D6-07EF-4CF2-BC5A-FB27BA02B292}"
EndProject
Project("{FAE04EC0-301F-11D3-BF4B-00C04F79EFBC}") = "Tyuiu.VariiMN.Sprint4.Task3.V24.Test", "Tyuiu.VariiMN.Sprint4.Task3.V24.Test\Tyuiu.VariiMN.Sprint4.Task3.V24.Test.csproj", "{9BEC6F2A-E3C9-44EC-983D-7C1BC276BE2D}"
EndProject
Project("{FAE04EC0-301F-11D3-BF4B-00C04F79EFBC}") = "Tyuiu.VariiMN.Sprint4.Task3.V24.Lib", "Tyuiu.VariiMN.Sprint4.Task3.V24.Lib\Tyuiu.VariiMN.Sprint4.Task3.V24.Lib.csproj", "{18616865-E0DE-4147-9173-94A0609E05CD}"
EndProject
Project("{2150E333-8FDC-42A3-9474-1A3956D46DE8}") = "Task4", "Task4", "{C8C7F52A-60DA-4768-A2CF-99E24D70AC1A}"
EndProject
Project("{FAE04EC0-301F-11D3-BF4B-00C04F79EFBC}") = "Tyuiu.VariiMN.Sprint4.Task4.V10.Lib", "Tyuiu.VariiMN.Sprint4.Task4.V10.Lib\Tyuiu.VariiMN.Sprint4.Task4.V10.Lib.csproj", "{C93AF3D3-D489-4814-9D25-3830BD9F061D}"
EndProject
Project("{FAE04EC0-301F-11D3-BF4B-00C04F79EFBC}") = "Tyuiu.VariiMN.Sprint4.Task4.V10", "Tyuiu.VariiMN.Sprint4.Task4.V10\Tyuiu.VariiMN.Sprint4.Task4.V10.csproj", "{9D522684-7035-40DA-87B5-C0710E1F573A}"
EndProject
Project("{FAE04EC0-301F-11D3-BF4B-00C04F79EFBC}") = "Tyuiu.VariiMN.Sprint4.Task4.V10.Test", "Tyuiu.VariiMN.Sprint4.Task4.V10.Test\Tyuiu.VariiMN.Sprint4.Task4.V10.Test.csproj", "{285499FC-944B-4BD7-9863-951A4F3B786B}"
EndProject
Project("{2150E333-8FDC-42A3-9474-1A3956D46DE8}") = "Task5", "Task5", "{B4034357-6075-4C45-836C-5F4159FE9A86}"
EndProject
Project("{FAE04EC0-301F-11D3-BF4B-00C04F79EFBC}") = "Tyuiu.VariiMN.Sprint4.Task5.V26", "Tyuiu.VariiMN.Sprint4.Task5.V26\Tyuiu.VariiMN.Sprint4.Task5.V26.csproj", "{16B1B692-EFEB-4D52-A784-9EDFDC3960E2}"
EndProject
Project("{FAE04EC0-301F-11D3-BF4B-00C04F79EFBC}") = "Tyuiu.VariiMN.Sprint4.Task5.V26.Test", "Tyuiu.VariiMN.Sprint4.Task5.V26.Test\Tyuiu.VariiMN.Sprint4.Task5.V26.Test.csproj", "{027EE371-96FA-499C-8E4D-1DA73C061423}"
EndProject
Project("{FAE04EC0-301F-11D3-BF4B-00C04F79EFBC}") = "Tyuiu.VariiMN.Sprint4.Task5.V26.Lib", "Tyuiu.VariiMN.Sprint4.Task5.V26.Lib\Tyuiu.VariiMN.Sprint4.Task5.V26.Lib.csproj", "{99109006-4DEF-4DA6-A931-E467B9654B11}"
EndProject
Global
	GlobalSection(SolutionConfigurationPlatforms) = preSolution
		Debug|Any CPU = Debug|Any CPU
		Release|Any CPU = Release|Any CPU
	EndGlobalSection
	GlobalSection(ProjectConfigurationPlatforms) = postSolution
		{D6EC51C2-4FE0-453A-9763-4282A6B8D9D4}.Debug|Any CPU.ActiveCfg = Debug|Any CPU
		{D6EC51C2-4FE0-453A-9763-4282A6B8D9D4}.Debug|Any CPU.Build.0 = Debug|Any CPU
		{D6EC51C2-4FE0-453A-9763-4282A6B8D9D4}.Release|Any CPU.ActiveCfg = Release|Any CPU
		{D6EC51C2-4FE0-453A-9763-4282A6B8D9D4}.Release|Any CPU.Build.0 = Release|Any CPU
		{15EAB3B0-213C-4539-89B3-D0429047F73E}.Debug|Any CPU.ActiveCfg = Debug|Any CPU
		{15EAB3B0-213C-4539-89B3-D0429047F73E}.Debug|Any CPU.Build.0 = Debug|Any CPU
		{15EAB3B0-213C-4539-89B3-D0429047F73E}.Release|Any CPU.ActiveCfg = Release|Any CPU
		{15EAB3B0-213C-4539-89B3-D0429047F73E}.Release|Any CPU.Build.0 = Release|Any CPU
		{F08826C6-747A-4CFF-A93C-C9F8181B4A33}.Debug|Any CPU.ActiveCfg = Debug|Any CPU
		{F08826C6-747A-4CFF-A93C-C9F8181B4A33}.Debug|Any CPU.Build.0 = Debug|Any CPU
		{F08826C6-747A-4CFF-A93C-C9F8181B4A33}.Release|Any CPU.ActiveCfg = Release|Any CPU
		{F08826C6-747A-4CFF-A93C-C9F8181B4A33}.Release|Any CPU.Build.0 = Release|Any CPU
		{17CD07C1-BA1E-4390-83A8-FE335762EB88}.Debug|Any CPU.ActiveCfg = Debug|Any CPU
		{17CD07C1-BA1E-4390-83A8-FE335762EB88}.Debug|Any CPU.Build.0 = Debug|Any CPU
		{17CD07C1-BA1E-4390-83A8-FE335762EB88}.Release|Any CPU.ActiveCfg = Release|Any CPU
		{17CD07C1-BA1E-4390-83A8-FE335762EB88}.Release|Any CPU.Build.0 = Release|Any CPU
		{4BF5396E-072B-4230-9AEF-65297CD2240D}.Debug|Any CPU.ActiveCfg = Debug|Any CPU
		{4BF5396E-072B-4230-9AEF-65297CD2240D}.Debug|Any CPU.Build.0 = Debug|Any CPU
		{4BF5396E-072B-4230-9AEF-65297CD2240D}.Release|Any CPU.ActiveCfg = Release|Any CPU
		{4BF5396E-072B-4230-9AEF-65297CD2240D}.Release|Any CPU.Build.0 = Release|Any CPU
		{19CDD34B-DD1F-4AC7-992E-DEC335E8E103}.Debug|Any CPU.ActiveCfg = Debug|Any CPU
		{19CDD34B-DD1F-4AC7-992E-DEC335E8E103}.Debug|Any CPU.Build.0 = Debug|Any CPU
		{19CDD34B-DD1F-4AC7-992E-DEC335E8E103}.Release|Any CPU.ActiveCfg = Release|Any CPU
		{19CDD34B-DD1F-4AC7-992E-DEC335E8E103}.Release|Any CPU.Build.0 = Release|Any CPU
		{2E3E7D5F-D6C9-4D59-9847-0CA1C6641B05}.Debug|Any CPU.ActiveCfg = Debug|Any CPU
		{2E3E7D5F-D6C9-4D59-9847-0CA1C6641B05}.Debug|Any CPU.Build.0 = Debug|Any CPU
		{2E3E7D5F-D6C9-4D59-9847-0CA1C6641B05}.Release|Any CPU.ActiveCfg = Release|Any CPU
		{2E3E7D5F-D6C9-4D59-9847-0CA1C6641B05}.Release|Any CPU.Build.0 = Release|Any CPU
		{8F6DF713-DCAD-4215-81B1-80FAB8B36EC0}.Debug|Any CPU.ActiveCfg = Debug|Any CPU
		{8F6DF713-DCAD-4215-81B1-80FAB8B36EC0}.Debug|Any CPU.Build.0 = Debug|Any CPU
		{8F6DF713-DCAD-4215-81B1-80FAB8B36EC0}.Release|Any CPU.ActiveCfg = Release|Any CPU
		{8F6DF713-DCAD-4215-81B1-80FAB8B36EC0}.Release|Any CPU.Build.0 = Release|Any CPU
		{AE767B61-98E9-42E3-A8C4-63909BF0298C}.Debug|Any CPU.ActiveCfg = Debug|Any CPU
		{AE767B61-98E9-42E3-A8C4-63909BF0298C}.Debug|Any CPU.Build.0 = Debug|Any CPU
		{AE767B61-98E9-42E3-A8C4-63909BF0298C}.Release|Any CPU.ActiveCfg = Release|Any CPU
		{AE767B61-98E9-42E3-A8C4-63909BF0298C}.Release|Any CPU.Build.0 = Release|Any CPU
		{32FE95D6-07EF-4CF2-BC5A-FB27BA02B292}.Debug|Any CPU.ActiveCfg = Debug|Any CPU
		{32FE95D6-07EF-4CF2-BC5A-FB27BA02B292}.Debug|Any CPU.Build.0 = Debug|Any CPU
		{32FE95D6-07EF-4CF2-BC5A-FB27BA02B292}.Release|Any CPU.ActiveCfg = Release|Any CPU
		{32FE95D6-07EF-4CF2-BC5A-FB27BA02B292}.Release|Any CPU.Build.0 = Release|Any CPU
		{9BEC6F2A-E3C9-44EC-983D-7C1BC276BE2D}.Debug|Any CPU.ActiveCfg = Debug|Any CPU
		{9BEC6F2A-E3C9-44EC-983D-7C1BC276BE2D}.Debug|Any CPU.Build.0 = Debug|Any CPU
		{9BEC6F2A-E3C9-44EC-983D-7C1BC276BE2D}.Release|Any CPU.ActiveCfg = Release|Any CPU
		{9BEC6F2A-E3C9-44EC-983D-7C1BC276BE2D}.Release|Any CPU.Build.0 = Release|Any CPU
		{18616865-E0DE-4147-9173-94A0609E05CD}.Debug|Any CPU.ActiveCfg = Debug|Any CPU
		{18616865-E0DE-4147-9173-94A0609E05CD}.Debug|Any CPU.Build.0 = Debug|Any CPU
		{18616865-E0DE-4147-9173-94A0609E05CD}.Release|Any CPU.ActiveCfg = Release|Any CPU
		{18616865-E0DE-4147-9173-94A0609E05CD}.Release|Any CPU.Build.0 = Release|Any CPU
		{C93AF3D3-D489-4814-9D25-3830BD9F061D}.Debug|Any CPU.ActiveCfg = Debug|Any CPU
		{C93AF3D3-D489-4814-9D25-3830BD9F061D}.Debug|Any CPU.Build.0 = Debug|Any CPU
		{C93AF3D3-D489-4814-9D25-3830BD9F061D}.Release|Any CPU.ActiveCfg = Release|Any CPU
		{C93AF3D3-D489-4814-9D25-3830BD9F061D}.Release|Any CPU.Build.0 = Release|Any CPU
		{9D522684-7035-40DA-87B5-C0710E1F573A}.Debug|Any CPU.ActiveCfg = Debug|Any CPU
		{9D522684-7035-40DA-87B5-C0710E1F573A}.Debug|Any CPU.Build.0 = Debug|Any CPU
		{9D522684-7035-40DA-87B5-C0710E1F573A}.Release|Any CPU.ActiveCfg = Release|Any CPU
		{9D522684-7035-40DA-87B5-C0710E1F573A}.Release|Any CPU.Build.0 = Release|Any CPU
		{285499FC-944B-4BD7-9863-951A4F3B786B}.Debug|Any CPU.ActiveCfg = Debug|Any CPU
		{285499FC-944B-4BD7-9863-951A4F3B786B}.Debug|Any CPU.Build.0 = Debug|Any CPU
		{285499FC-944B-4BD7-9863-951A4F3B786B}.Release|Any CPU.ActiveCfg = Release|Any CPU
		{285499FC-944B-4BD7-9863-951A4F3B786B}.Release|Any CPU.Build.0 = Release|Any CPU
		{16B1B692-EFEB-4D52-A784-9EDFDC3960E2}.Debug|Any CPU.ActiveCfg = Debug|Any CPU
		{16B1B692-EFEB-4D52-A784-9EDFDC3960E2}.Debug|Any CPU.Build.0 = Debug|Any CPU
		{16B1B692-EFEB-4D52-A784-9EDFDC3960E2}.Release|Any CPU.ActiveCfg = Release|Any CPU
		{16B1B692-EFEB-4D52-A784-9EDFDC3960E2}.Release|Any CPU.Build.0 = Release|Any CPU
		{027EE371-96FA-499C-8E4D-1DA73C061423}.Debug|Any CPU.ActiveCfg = Debug|Any CPU
		{027EE371-96FA-499C-8E4D-1DA73C061423}.Debug|Any CPU.Build.0 = Debug|Any CPU
		{027EE371-96FA-499C-8E4D-1DA73C061423}.Release|Any CPU.ActiveCfg = Release|Any CPU
		{027EE371-96FA-499C-8E4D-1DA73C061423}.Release|Any CPU.Build.0 = Release|Any CPU
		{99109006-4DEF-4DA6-A931-E467B9654B11}.Debug|Any CPU.ActiveCfg = Debug|Any CPU
		{99109006-4DEF-4DA6-A931-E467B9654B11}.Debug|Any CPU.Build.0 = Debug|Any CPU
		{99109006-4DEF-4DA6-A931-E467B9654B11}.Release|Any CPU.ActiveCfg = Release|Any CPU
		{99109006-4DEF-4DA6-A931-E467B9654B11}.Release|Any CPU.Build.0 = Release|Any CPU
	EndGlobalSection
	GlobalSection(SolutionProperties) = preSolution
		HideSolutionNode = FALSE
	EndGlobalSection
	GlobalSection(NestedProjects) = preSolution
		{D6EC51C2-4FE0-453A-9763-4282A6B8D9D4} = {02EA681E-C7D8-13C7-8484-4AC65E1B71E8}
		{15EAB3B0-213C-4539-89B3-D0429047F73E} = {02EA681E-C7D8-13C7-8484-4AC65E1B71E8}
		{F08826C6-747A-4CFF-A93C-C9F8181B4A33} = {02EA681E-C7D8-13C7-8484-4AC65E1B71E8}
		{17CD07C1-BA1E-4390-83A8-FE335762EB88} = {D2133940-5B7E-4A81-9243-79F36FAD4EEA}
		{4BF5396E-072B-4230-9AEF-65297CD2240D} = {D2133940-5B7E-4A81-9243-79F36FAD4EEA}
		{19CDD34B-DD1F-4AC7-992E-DEC335E8E103} = {D2133940-5B7E-4A81-9243-79F36FAD4EEA}
		{2E3E7D5F-D6C9-4D59-9847-0CA1C6641B05} = {2DCF39D5-23CB-47FE-A160-2700601D288E}
		{8F6DF713-DCAD-4215-81B1-80FAB8B36EC0} = {2DCF39D5-23CB-47FE-A160-2700601D288E}
		{AE767B61-98E9-42E3-A8C4-63909BF0298C} = {2DCF39D5-23CB-47FE-A160-2700601D288E}
		{32FE95D6-07EF-4CF2-BC5A-FB27BA02B292} = {3FBB02AF-6A59-4242-BA80-EC838CBA3B48}
		{9BEC6F2A-E3C9-44EC-983D-7C1BC276BE2D} = {3FBB02AF-6A59-4242-BA80-EC838CBA3B48}
		{18616865-E0DE-4147-9173-94A0609E05CD} = {3FBB02AF-6A59-4242-BA80-EC838CBA3B48}
		{C93AF3D3-D489-4814-9D25-3830BD9F061D} = {C8C7F52A-60DA-4768-A2CF-99E24D70AC1A}
		{9D522684-7035-40DA-87B5-C0710E1F573A} = {C8C7F52A-60DA-4768-A2CF-99E24D70AC1A}
		{285499FC-944B-4BD7-9863-951A4F3B786B} = {C8C7F52A-60DA-4768-A2CF-99E24D70AC1A}
		{16B1B692-EFEB-4D52-A784-9EDFDC3960E2} = {B4034357-6075-4C45-836C-5F4159FE9A86}
		{027EE371-96FA-499C-8E4D-1DA73C061423} = {B4034357-6075-4C45-836C-5F4159FE9A86}
		{99109006-4DEF-4DA6-A931-E467B9654B11} = {B4034357-6075-4C45-836C-5F4159FE9A86}
	EndGlobalSection
	GlobalSection(ExtensibilityGlobals) = postSolution
		SolutionGuid = {BE6149FA-4ED7-4234-9ADA-F32F4B6CEA60}
	EndGlobalSection
EndGlobal
